
Microsoft Visual Studio Solution File, Format Version 12.00
# Visual Studio Version 17
VisualStudioVersion = 17.10.35013.160
MinimumVisualStudioVersion = 10.0.40219.1
Project("{FAE04EC0-301F-11D3-BF4B-00C04F79EFBC}") = "atm-app", "atm-app\atm-app.csproj", "{A3AD5BCB-898A-4AFE-BB84-719AE0B82D58}"
EndProject
Global
	GlobalSection(SolutionConfigurationPlatforms) = preSolution
		Debug|Any CPU = Debug|Any CPU
		Release|Any CPU = Release|Any CPU
	EndGlobalSection
	GlobalSection(ProjectConfigurationPlatforms) = postSolution
		{A3AD5BCB-898A-4AFE-BB84-719AE0B82D58}.Debug|Any CPU.ActiveCfg = Debug|Any CPU
		{A3AD5BCB-898A-4AFE-BB84-719AE0B82D58}.Debug|Any CPU.Build.0 = Debug|Any CPU
		{A3AD5BCB-898A-4AFE-BB84-719AE0B82D58}.Release|Any CPU.ActiveCfg = Release|Any CPU
		{A3AD5BCB-898A-4AFE-BB84-719AE0B82D58}.Release|Any CPU.Build.0 = Release|Any CPU
	EndGlobalSection
	GlobalSection(SolutionProperties) = preSolution
		HideSolutionNode = FALSE
	EndGlobalSection
	GlobalSection(ExtensibilityGlobals) = postSolution
		SolutionGuid = {E30EA239-66DD-4922-9165-36E0F23E7CDF}
	EndGlobalSection
EndGlobal
